
Microsoft Visual Studio Solution File, Format Version 12.00
Project("{FAE04EC0-301F-11D3-BF4B-00C04F79EFBC}") = "PaywallGame", "PaywallGame\PaywallGame.csproj", "{0E835455-0075-4D08-9950-9C928A46F219}"
EndProject
Global
	GlobalSection(SolutionConfigurationPlatforms) = preSolution
		Debug|Any CPU = Debug|Any CPU
		Release|Any CPU = Release|Any CPU
	EndGlobalSection
	GlobalSection(ProjectConfigurationPlatforms) = postSolution
		{0E835455-0075-4D08-9950-9C928A46F219}.Debug|Any CPU.ActiveCfg = Debug|Any CPU
		{0E835455-0075-4D08-9950-9C928A46F219}.Debug|Any CPU.Build.0 = Debug|Any CPU
		{0E835455-0075-4D08-9950-9C928A46F219}.Release|Any CPU.ActiveCfg = Release|Any CPU
		{0E835455-0075-4D08-9950-9C928A46F219}.Release|Any CPU.Build.0 = Release|Any CPU
	EndGlobalSection
EndGlobal
